// !$*UTF8*$!
{
	archiveVersion = 1;
	classes = {
	};
	objectVersion = 46;
	objects = {

/* Begin PBXBuildFile section */
		1B10A3C01CAD9B0000A93E01 /* AppDelegate.swift in Sources */ = {isa = PBXBuildFile; fileRef = 1B10A3BF1CAD9B0000A93E01 /* AppDelegate.swift */; };
		1B10A3C21CAD9B0000A93E01 /* ViewController.swift in Sources */ = {isa = PBXBuildFile; fileRef = 1B10A3C11CAD9B0000A93E01 /* ViewController.swift */; };
		1B10A3C51CAD9B0000A93E01 /* Main.storyboard in Resources */ = {isa = PBXBuildFile; fileRef = 1B10A3C31CAD9B0000A93E01 /* Main.storyboard */; };
		1B10A3C71CAD9B0000A93E01 /* Assets.xcassets in Resources */ = {isa = PBXBuildFile; fileRef = 1B10A3C61CAD9B0000A93E01 /* Assets.xcassets */; };
		1B10A3CA1CAD9B0000A93E01 /* LaunchScreen.storyboard in Resources */ = {isa = PBXBuildFile; fileRef = 1B10A3C81CAD9B0000A93E01 /* LaunchScreen.storyboard */; };
		1B10A3D51CAD9B0000A93E01 /* Week_1_AssignmentTests.swift in Sources */ = {isa = PBXBuildFile; fileRef = 1B10A3D41CAD9B0000A93E01 /* Week_1_AssignmentTests.swift */; };
		1B10A3E01CAD9B0000A93E01 /* Week_1_AssignmentUITests.swift in Sources */ = {isa = PBXBuildFile; fileRef = 1B10A3DF1CAD9B0000A93E01 /* Week_1_AssignmentUITests.swift */; };
		1B10A3EE1CAEEA8B00A93E01 /* SettingsViewController.swift in Sources */ = {isa = PBXBuildFile; fileRef = 1B10A3ED1CAEEA8B00A93E01 /* SettingsViewController.swift */; };
		1B10A3F11CAFFC2500A93E01 /* Settings2ViewController.swift in Sources */ = {isa = PBXBuildFile; fileRef = 1B10A3F01CAFFC2500A93E01 /* Settings2ViewController.swift */; };
		1B10A3F31CB002FA00A93E01 /* NewAcctViewController.swift in Sources */ = {isa = PBXBuildFile; fileRef = 1B10A3F21CB002FA00A93E01 /* NewAcctViewController.swift */; };
/* End PBXBuildFile section */

/* Begin PBXContainerItemProxy section */
		1B10A3D11CAD9B0000A93E01 /* PBXContainerItemProxy */ = {
			isa = PBXContainerItemProxy;
			containerPortal = 1B10A3B41CAD9B0000A93E01 /* Project object */;
			proxyType = 1;
			remoteGlobalIDString = 1B10A3BB1CAD9B0000A93E01;
			remoteInfo = "Week-1-Assignment";
		};
		1B10A3DC1CAD9B0000A93E01 /* PBXContainerItemProxy */ = {
			isa = PBXContainerItemProxy;
			containerPortal = 1B10A3B41CAD9B0000A93E01 /* Project object */;
			proxyType = 1;
			remoteGlobalIDString = 1B10A3BB1CAD9B0000A93E01;
			remoteInfo = "Week-1-Assignment";
		};
/* End PBXContainerItemProxy section */

/* Begin PBXFileReference section */
		1B10A3BC1CAD9B0000A93E01 /* Week-1-Assignment.app */ = {isa = PBXFileReference; explicitFileType = wrapper.application; includeInIndex = 0; path = "Week-1-Assignment.app"; sourceTree = BUILT_PRODUCTS_DIR; };
		1B10A3BF1CAD9B0000A93E01 /* AppDelegate.swift */ = {isa = PBXFileReference; lastKnownFileType = sourcecode.swift; path = AppDelegate.swift; sourceTree = "<group>"; };
		1B10A3C11CAD9B0000A93E01 /* ViewController.swift */ = {isa = PBXFileReference; lastKnownFileType = sourcecode.swift; path = ViewController.swift; sourceTree = "<group>"; };
		1B10A3C41CAD9B0000A93E01 /* Base */ = {isa = PBXFileReference; lastKnownFileType = file.storyboard; name = Base; path = Base.lproj/Main.storyboard; sourceTree = "<group>"; };
		1B10A3C61CAD9B0000A93E01 /* Assets.xcassets */ = {isa = PBXFileReference; lastKnownFileType = folder.assetcatalog; path = Assets.xcassets; sourceTree = "<group>"; };
		1B10A3C91CAD9B0000A93E01 /* Base */ = {isa = PBXFileReference; lastKnownFileType = file.storyboard; name = Base; path = Base.lproj/LaunchScreen.storyboard; sourceTree = "<group>"; };
		1B10A3CB1CAD9B0000A93E01 /* Info.plist */ = {isa = PBXFileReference; lastKnownFileType = text.plist.xml; path = Info.plist; sourceTree = "<group>"; };
		1B10A3D01CAD9B0000A93E01 /* Week-1-AssignmentTests.xctest */ = {isa = PBXFileReference; explicitFileType = wrapper.cfbundle; includeInIndex = 0; path = "Week-1-AssignmentTests.xctest"; sourceTree = BUILT_PRODUCTS_DIR; };
		1B10A3D41CAD9B0000A93E01 /* Week_1_AssignmentTests.swift */ = {isa = PBXFileReference; lastKnownFileType = sourcecode.swift; path = Week_1_AssignmentTests.swift; sourceTree = "<group>"; };
		1B10A3D61CAD9B0000A93E01 /* Info.plist */ = {isa = PBXFileReference; lastKnownFileType = text.plist.xml; path = Info.plist; sourceTree = "<group>"; };
		1B10A3DB1CAD9B0000A93E01 /* Week-1-AssignmentUITests.xctest */ = {isa = PBXFileReference; explicitFileType = wrapper.cfbundle; includeInIndex = 0; path = "Week-1-AssignmentUITests.xctest"; sourceTree = BUILT_PRODUCTS_DIR; };
		1B10A3DF1CAD9B0000A93E01 /* Week_1_AssignmentUITests.swift */ = {isa = PBXFileReference; lastKnownFileType = sourcecode.swift; path = Week_1_AssignmentUITests.swift; sourceTree = "<group>"; };
		1B10A3E11CAD9B0000A93E01 /* Info.plist */ = {isa = PBXFileReference; lastKnownFileType = text.plist.xml; path = Info.plist; sourceTree = "<group>"; };
		1B10A3ED1CAEEA8B00A93E01 /* SettingsViewController.swift */ = {isa = PBXFileReference; fileEncoding = 4; lastKnownFileType = sourcecode.swift; path = SettingsViewController.swift; sourceTree = "<group>"; };
		1B10A3F01CAFFC2500A93E01 /* Settings2ViewController.swift */ = {isa = PBXFileReference; fileEncoding = 4; lastKnownFileType = sourcecode.swift; path = Settings2ViewController.swift; sourceTree = "<group>"; };
		1B10A3F21CB002FA00A93E01 /* NewAcctViewController.swift */ = {isa = PBXFileReference; fileEncoding = 4; lastKnownFileType = sourcecode.swift; path = NewAcctViewController.swift; sourceTree = "<group>"; };
/* End PBXFileReference section */

/* Begin PBXFrameworksBuildPhase section */
		1B10A3B91CAD9B0000A93E01 /* Frameworks */ = {
			isa = PBXFrameworksBuildPhase;
			buildActionMask = 2147483647;
			files = (
			);
			runOnlyForDeploymentPostprocessing = 0;
		};
		1B10A3CD1CAD9B0000A93E01 /* Frameworks */ = {
			isa = PBXFrameworksBuildPhase;
			buildActionMask = 2147483647;
			files = (
			);
			runOnlyForDeploymentPostprocessing = 0;
		};
		1B10A3D81CAD9B0000A93E01 /* Frameworks */ = {
			isa = PBXFrameworksBuildPhase;
			buildActionMask = 2147483647;
			files = (
			);
			runOnlyForDeploymentPostprocessing = 0;
		};
/* End PBXFrameworksBuildPhase section */

/* Begin PBXGroup section */
		1B10A3B31CAD9B0000A93E01 = {
			isa = PBXGroup;
			children = (
				1B10A3BE1CAD9B0000A93E01 /* Week-1-Assignment */,
				1B10A3D31CAD9B0000A93E01 /* Week-1-AssignmentTests */,
				1B10A3DE1CAD9B0000A93E01 /* Week-1-AssignmentUITests */,
				1B10A3BD1CAD9B0000A93E01 /* Products */,
			);
			sourceTree = "<group>";
		};
		1B10A3BD1CAD9B0000A93E01 /* Products */ = {
			isa = PBXGroup;
			children = (
				1B10A3BC1CAD9B0000A93E01 /* Week-1-Assignment.app */,
				1B10A3D01CAD9B0000A93E01 /* Week-1-AssignmentTests.xctest */,
				1B10A3DB1CAD9B0000A93E01 /* Week-1-AssignmentUITests.xctest */,
			);
			name = Products;
			sourceTree = "<group>";
		};
		1B10A3BE1CAD9B0000A93E01 /* Week-1-Assignment */ = {
			isa = PBXGroup;
			children = (
				1B10A3EF1CAEEAFE00A93E01 /* ViewControllers */,
				1B10A3BF1CAD9B0000A93E01 /* AppDelegate.swift */,
				1B10A3C11CAD9B0000A93E01 /* ViewController.swift */,
				1B10A3C31CAD9B0000A93E01 /* Main.storyboard */,
				1B10A3C61CAD9B0000A93E01 /* Assets.xcassets */,
				1B10A3C81CAD9B0000A93E01 /* LaunchScreen.storyboard */,
				1B10A3CB1CAD9B0000A93E01 /* Info.plist */,
			);
			path = "Week-1-Assignment";
			sourceTree = "<group>";
		};
		1B10A3D31CAD9B0000A93E01 /* Week-1-AssignmentTests */ = {
			isa = PBXGroup;
			children = (
				1B10A3D41CAD9B0000A93E01 /* Week_1_AssignmentTests.swift */,
				1B10A3D61CAD9B0000A93E01 /* Info.plist */,
			);
			path = "Week-1-AssignmentTests";
			sourceTree = "<group>";
		};
		1B10A3DE1CAD9B0000A93E01 /* Week-1-AssignmentUITests */ = {
			isa = PBXGroup;
			children = (
				1B10A3DF1CAD9B0000A93E01 /* Week_1_AssignmentUITests.swift */,
				1B10A3E11CAD9B0000A93E01 /* Info.plist */,
			);
			path = "Week-1-AssignmentUITests";
			sourceTree = "<group>";
		};
		1B10A3EF1CAEEAFE00A93E01 /* ViewControllers */ = {
			isa = PBXGroup;
			children = (
				1B10A3F21CB002FA00A93E01 /* NewAcctViewController.swift */,
				1B10A3ED1CAEEA8B00A93E01 /* SettingsViewController.swift */,
				1B10A3F01CAFFC2500A93E01 /* Settings2ViewController.swift */,
			);
			name = ViewControllers;
			sourceTree = "<group>";
		};
/* End PBXGroup section */

/* Begin PBXNativeTarget section */
		1B10A3BB1CAD9B0000A93E01 /* Week-1-Assignment */ = {
			isa = PBXNativeTarget;
			buildConfigurationList = 1B10A3E41CAD9B0000A93E01 /* Build configuration list for PBXNativeTarget "Week-1-Assignment" */;
			buildPhases = (
				1B10A3B81CAD9B0000A93E01 /* Sources */,
				1B10A3B91CAD9B0000A93E01 /* Frameworks */,
				1B10A3BA1CAD9B0000A93E01 /* Resources */,
			);
			buildRules = (
			);
			dependencies = (
			);
			name = "Week-1-Assignment";
			productName = "Week-1-Assignment";
			productReference = 1B10A3BC1CAD9B0000A93E01 /* Week-1-Assignment.app */;
			productType = "com.apple.product-type.application";
		};
		1B10A3CF1CAD9B0000A93E01 /* Week-1-AssignmentTests */ = {
			isa = PBXNativeTarget;
			buildConfigurationList = 1B10A3E71CAD9B0000A93E01 /* Build configuration list for PBXNativeTarget "Week-1-AssignmentTests" */;
			buildPhases = (
				1B10A3CC1CAD9B0000A93E01 /* Sources */,
				1B10A3CD1CAD9B0000A93E01 /* Frameworks */,
				1B10A3CE1CAD9B0000A93E01 /* Resources */,
			);
			buildRules = (
			);
			dependencies = (
				1B10A3D21CAD9B0000A93E01 /* PBXTargetDependency */,
			);
			name = "Week-1-AssignmentTests";
			productName = "Week-1-AssignmentTests";
			productReference = 1B10A3D01CAD9B0000A93E01 /* Week-1-AssignmentTests.xctest */;
			productType = "com.apple.product-type.bundle.unit-test";
		};
		1B10A3DA1CAD9B0000A93E01 /* Week-1-AssignmentUITests */ = {
			isa = PBXNativeTarget;
			buildConfigurationList = 1B10A3EA1CAD9B0000A93E01 /* Build configuration list for PBXNativeTarget "Week-1-AssignmentUITests" */;
			buildPhases = (
				1B10A3D71CAD9B0000A93E01 /* Sources */,
				1B10A3D81CAD9B0000A93E01 /* Frameworks */,
				1B10A3D91CAD9B0000A93E01 /* Resources */,
			);
			buildRules = (
			);
			dependencies = (
				1B10A3DD1CAD9B0000A93E01 /* PBXTargetDependency */,
			);
			name = "Week-1-AssignmentUITests";
			productName = "Week-1-AssignmentUITests";
			productReference = 1B10A3DB1CAD9B0000A93E01 /* Week-1-AssignmentUITests.xctest */;
			productType = "com.apple.product-type.bundle.ui-testing";
		};
/* End PBXNativeTarget section */

/* Begin PBXProject section */
		1B10A3B41CAD9B0000A93E01 /* Project object */ = {
			isa = PBXProject;
			attributes = {
				LastSwiftUpdateCheck = 0720;
				LastUpgradeCheck = 0720;
				ORGANIZATIONNAME = "Altaffer, Lawrence";
				TargetAttributes = {
					1B10A3BB1CAD9B0000A93E01 = {
						CreatedOnToolsVersion = 7.2.1;
						DevelopmentTeam = 8Z5DB24AX2;
					};
					1B10A3CF1CAD9B0000A93E01 = {
						CreatedOnToolsVersion = 7.2.1;
						DevelopmentTeam = 8Z5DB24AX2;
						TestTargetID = 1B10A3BB1CAD9B0000A93E01;
					};
					1B10A3DA1CAD9B0000A93E01 = {
						CreatedOnToolsVersion = 7.2.1;
						DevelopmentTeam = 8Z5DB24AX2;
						TestTargetID = 1B10A3BB1CAD9B0000A93E01;
					};
				};
			};
			buildConfigurationList = 1B10A3B71CAD9B0000A93E01 /* Build configuration list for PBXProject "Week-1-Assignment" */;
			compatibilityVersion = "Xcode 3.2";
			developmentRegion = English;
			hasScannedForEncodings = 0;
			knownRegions = (
				en,
				Base,
			);
			mainGroup = 1B10A3B31CAD9B0000A93E01;
			productRefGroup = 1B10A3BD1CAD9B0000A93E01 /* Products */;
			projectDirPath = "";
			projectRoot = "";
			targets = (
				1B10A3BB1CAD9B0000A93E01 /* Week-1-Assignment */,
				1B10A3CF1CAD9B0000A93E01 /* Week-1-AssignmentTests */,
				1B10A3DA1CAD9B0000A93E01 /* Week-1-AssignmentUITests */,
			);
		};
/* End PBXProject section */

/* Begin PBXResourcesBuildPhase section */
		1B10A3BA1CAD9B0000A93E01 /* Resources */ = {
			isa = PBXResourcesBuildPhase;
			buildActionMask = 2147483647;
			files = (
				1B10A3CA1CAD9B0000A93E01 /* LaunchScreen.storyboard in Resources */,
				1B10A3C71CAD9B0000A93E01 /* Assets.xcassets in Resources */,
				1B10A3C51CAD9B0000A93E01 /* Main.storyboard in Resources */,
			);
			runOnlyForDeploymentPostprocessing = 0;
		};
		1B10A3CE1CAD9B0000A93E01 /* Resources */ = {
			isa = PBXResourcesBuildPhase;
			buildActionMask = 2147483647;
			files = (
			);
			runOnlyForDeploymentPostprocessing = 0;
		};
		1B10A3D91CAD9B0000A93E01 /* Resources */ = {
			isa = PBXResourcesBuildPhase;
			buildActionMask = 2147483647;
			files = (
			);
			runOnlyForDeploymentPostprocessing = 0;
		};
/* End PBXResourcesBuildPhase section */

/* Begin PBXSourcesBuildPhase section */
		1B10A3B81CAD9B0000A93E01 /* Sources */ = {
			isa = PBXSourcesBuildPhase;
			buildActionMask = 2147483647;
			files = (
				1B10A3C21CAD9B0000A93E01 /* ViewController.swift in Sources */,
				1B10A3C01CAD9B0000A93E01 /* AppDelegate.swift in Sources */,
				1B10A3F31CB002FA00A93E01 /* NewAcctViewController.swift in Sources */,
				1B10A3F11CAFFC2500A93E01 /* Settings2ViewController.swift in Sources */,
				1B10A3EE1CAEEA8B00A93E01 /* SettingsViewController.swift in Sources */,
			);
			runOnlyForDeploymentPostprocessing = 0;
		};
		1B10A3CC1CAD9B0000A93E01 /* Sources */ = {
			isa = PBXSourcesBuildPhase;
			buildActionMask = 2147483647;
			files = (
				1B10A3D51CAD9B0000A93E01 /* Week_1_AssignmentTests.swift in Sources */,
			);
			runOnlyForDeploymentPostprocessing = 0;
		};
		1B10A3D71CAD9B0000A93E01 /* Sources */ = {
			isa = PBXSourcesBuildPhase;
			buildActionMask = 2147483647;
			files = (
				1B10A3E01CAD9B0000A93E01 /* Week_1_AssignmentUITests.swift in Sources */,
			);
			runOnlyForDeploymentPostprocessing = 0;
		};
/* End PBXSourcesBuildPhase section */

/* Begin PBXTargetDependency section */
		1B10A3D21CAD9B0000A93E01 /* PBXTargetDependency */ = {
			isa = PBXTargetDependency;
			target = 1B10A3BB1CAD9B0000A93E01 /* Week-1-Assignment */;
			targetProxy = 1B10A3D11CAD9B0000A93E01 /* PBXContainerItemProxy */;
		};
		1B10A3DD1CAD9B0000A93E01 /* PBXTargetDependency */ = {
			isa = PBXTargetDependency;
			target = 1B10A3BB1CAD9B0000A93E01 /* Week-1-Assignment */;
			targetProxy = 1B10A3DC1CAD9B0000A93E01 /* PBXContainerItemProxy */;
		};
/* End PBXTargetDependency section */

/* Begin PBXVariantGroup section */
		1B10A3C31CAD9B0000A93E01 /* Main.storyboard */ = {
			isa = PBXVariantGroup;
			children = (
				1B10A3C41CAD9B0000A93E01 /* Base */,
			);
			name = Main.storyboard;
			sourceTree = "<group>";
		};
		1B10A3C81CAD9B0000A93E01 /* LaunchScreen.storyboard */ = {
			isa = PBXVariantGroup;
			children = (
				1B10A3C91CAD9B0000A93E01 /* Base */,
			);
			name = LaunchScreen.storyboard;
			sourceTree = "<group>";
		};
/* End PBXVariantGroup section */

/* Begin XCBuildConfiguration section */
		1B10A3E21CAD9B0000A93E01 /* Debug */ = {
			isa = XCBuildConfiguration;
			buildSettings = {
				ALWAYS_SEARCH_USER_PATHS = NO;
				CLANG_CXX_LANGUAGE_STANDARD = "gnu++0x";
				CLANG_CXX_LIBRARY = "libc++";
				CLANG_ENABLE_MODULES = YES;
				CLANG_ENABLE_OBJC_ARC = YES;
				CLANG_WARN_BOOL_CONVERSION = YES;
				CLANG_WARN_CONSTANT_CONVERSION = YES;
				CLANG_WARN_DIRECT_OBJC_ISA_USAGE = YES_ERROR;
				CLANG_WARN_EMPTY_BODY = YES;
				CLANG_WARN_ENUM_CONVERSION = YES;
				CLANG_WARN_INT_CONVERSION = YES;
				CLANG_WARN_OBJC_ROOT_CLASS = YES_ERROR;
				CLANG_WARN_UNREACHABLE_CODE = YES;
				CLANG_WARN__DUPLICATE_METHOD_MATCH = YES;
				"CODE_SIGN_IDENTITY[sdk=iphoneos*]" = "iPhone Developer";
				COPY_PHASE_STRIP = NO;
				DEBUG_INFORMATION_FORMAT = dwarf;
				ENABLE_STRICT_OBJC_MSGSEND = YES;
				ENABLE_TESTABILITY = YES;
				GCC_C_LANGUAGE_STANDARD = gnu99;
				GCC_DYNAMIC_NO_PIC = NO;
				GCC_NO_COMMON_BLOCKS = YES;
				GCC_OPTIMIZATION_LEVEL = 0;
				GCC_PREPROCESSOR_DEFINITIONS = (
					"DEBUG=1",
					"$(inherited)",
				);
				GCC_WARN_64_TO_32_BIT_CONVERSION = YES;
				GCC_WARN_ABOUT_RETURN_TYPE = YES_ERROR;
				GCC_WARN_UNDECLARED_SELECTOR = YES;
				GCC_WARN_UNINITIALIZED_AUTOS = YES_AGGRESSIVE;
				GCC_WARN_UNUSED_FUNCTION = YES;
				GCC_WARN_UNUSED_VARIABLE = YES;
				IPHONEOS_DEPLOYMENT_TARGET = 9.2;
				MTL_ENABLE_DEBUG_INFO = YES;
				ONLY_ACTIVE_ARCH = YES;
				SDKROOT = iphoneos;
				SWIFT_OPTIMIZATION_LEVEL = "-Onone";
			};
			name = Debug;
		};
		1B10A3E31CAD9B0000A93E01 /* Release */ = {
			isa = XCBuildConfiguration;
			buildSettings = {
				ALWAYS_SEARCH_USER_PATHS = NO;
				CLANG_CXX_LANGUAGE_STANDARD = "gnu++0x";
				CLANG_CXX_LIBRARY = "libc++";
				CLANG_ENABLE_MODULES = YES;
				CLANG_ENABLE_OBJC_ARC = YES;
				CLANG_WARN_BOOL_CONVERSION = YES;
				CLANG_WARN_CONSTANT_CONVERSION = YES;
				CLANG_WARN_DIRECT_OBJC_ISA_USAGE = YES_ERROR;
				CLANG_WARN_EMPTY_BODY = YES;
				CLANG_WARN_ENUM_CONVERSION = YES;
				CLANG_WARN_INT_CONVERSION = YES;
				CLANG_WARN_OBJC_ROOT_CLASS = YES_ERROR;
				CLANG_WARN_UNREACHABLE_CODE = YES;
				CLANG_WARN__DUPLICATE_METHOD_MATCH = YES;
				"CODE_SIGN_IDENTITY[sdk=iphoneos*]" = "iPhone Developer";
				COPY_PHASE_STRIP = NO;
				DEBUG_INFORMATION_FORMAT = "dwarf-with-dsym";
				ENABLE_NS_ASSERTIONS = NO;
				ENABLE_STRICT_OBJC_MSGSEND = YES;
				GCC_C_LANGUAGE_STANDARD = gnu99;
				GCC_NO_COMMON_BLOCKS = YES;
				GCC_WARN_64_TO_32_BIT_CONVERSION = YES;
				GCC_WARN_ABOUT_RETURN_TYPE = YES_ERROR;
				GCC_WARN_UNDECLARED_SELECTOR = YES;
				GCC_WARN_UNINITIALIZED_AUTOS = YES_AGGRESSIVE;
				GCC_WARN_UNUSED_FUNCTION = YES;
				GCC_WARN_UNUSED_VARIABLE = YES;
				IPHONEOS_DEPLOYMENT_TARGET = 9.2;
				MTL_ENABLE_DEBUG_INFO = NO;
				SDKROOT = iphoneos;
				VALIDATE_PRODUCT = YES;
			};
			name = Release;
		};
		1B10A3E51CAD9B0000A93E01 /* Debug */ = {
			isa = XCBuildConfiguration;
			buildSettings = {
				ASSETCATALOG_COMPILER_APPICON_NAME = AppIcon;
				INFOPLIST_FILE = "Week-1-Assignment/Info.plist";
				LD_RUNPATH_SEARCH_PATHS = "$(inherited) @executable_path/Frameworks";
				PRODUCT_BUNDLE_IDENTIFIER = "com.lawrencealtaffer.Week-1-Assignment";
				PRODUCT_NAME = "$(TARGET_NAME)";
			};
			name = Debug;
		};
		1B10A3E61CAD9B0000A93E01 /* Release */ = {
			isa = XCBuildConfiguration;
			buildSettings = {
				ASSETCATALOG_COMPILER_APPICON_NAME = AppIcon;
				INFOPLIST_FILE = "Week-1-Assignment/Info.plist";
				LD_RUNPATH_SEARCH_PATHS = "$(inherited) @executable_path/Frameworks";
				PRODUCT_BUNDLE_IDENTIFIER = "com.lawrencealtaffer.Week-1-Assignment";
				PRODUCT_NAME = "$(TARGET_NAME)";
			};
			name = Release;
		};
		1B10A3E81CAD9B0000A93E01 /* Debug */ = {
			isa = XCBuildConfiguration;
			buildSettings = {
				BUNDLE_LOADER = "$(TEST_HOST)";
				INFOPLIST_FILE = "Week-1-AssignmentTests/Info.plist";
				LD_RUNPATH_SEARCH_PATHS = "$(inherited) @executable_path/Frameworks @loader_path/Frameworks";
				PRODUCT_BUNDLE_IDENTIFIER = "com.kapunahelewong.Week-1-AssignmentTests";
				PRODUCT_NAME = "$(TARGET_NAME)";
				TEST_HOST = "$(BUILT_PRODUCTS_DIR)/Week-1-Assignment.app/Week-1-Assignment";
			};
			name = Debug;
		};
		1B10A3E91CAD9B0000A93E01 /* Release */ = {
			isa = XCBuildConfiguration;
			buildSettings = {
				BUNDLE_LOADER = "$(TEST_HOST)";
				INFOPLIST_FILE = "Week-1-AssignmentTests/Info.plist";
				LD_RUNPATH_SEARCH_PATHS = "$(inherited) @executable_path/Frameworks @loader_path/Frameworks";
				PRODUCT_BUNDLE_IDENTIFIER = "com.kapunahelewong.Week-1-AssignmentTests";
				PRODUCT_NAME = "$(TARGET_NAME)";
				TEST_HOST = "$(BUILT_PRODUCTS_DIR)/Week-1-Assignment.app/Week-1-Assignment";
			};
			name = Release;
		};
		1B10A3EB1CAD9B0000A93E01 /* Debug */ = {
			isa = XCBuildConfiguration;
			buildSettings = {
				INFOPLIST_FILE = "Week-1-AssignmentUITests/Info.plist";
				LD_RUNPATH_SEARCH_PATHS = "$(inherited) @executable_path/Frameworks @loader_path/Frameworks";
				PRODUCT_BUNDLE_IDENTIFIER = "com.kapunahelewong.Week-1-AssignmentUITests";
				PRODUCT_NAME = "$(TARGET_NAME)";
				TEST_TARGET_NAME = "Week-1-Assignment";
				USES_XCTRUNNER = YES;
			};
			name = Debug;
		};
		1B10A3EC1CAD9B0000A93E01 /* Release */ = {
			isa = XCBuildConfiguration;
			buildSettings = {
				INFOPLIST_FILE = "Week-1-AssignmentUITests/Info.plist";
				LD_RUNPATH_SEARCH_PATHS = "$(inherited) @executable_path/Frameworks @loader_path/Frameworks";
				PRODUCT_BUNDLE_IDENTIFIER = "com.kapunahelewong.Week-1-AssignmentUITests";
				PRODUCT_NAME = "$(TARGET_NAME)";
				TEST_TARGET_NAME = "Week-1-Assignment";
				USES_XCTRUNNER = YES;
			};
			name = Release;
		};
/* End XCBuildConfiguration section */

/* Begin XCConfigurationList section */
		1B10A3B71CAD9B0000A93E01 /* Build configuration list for PBXProject "Week-1-Assignment" */ = {
			isa = XCConfigurationList;
			buildConfigurations = (
				1B10A3E21CAD9B0000A93E01 /* Debug */,
				1B10A3E31CAD9B0000A93E01 /* Release */,
			);
			defaultConfigurationIsVisible = 0;
			defaultConfigurationName = Release;
		};
		1B10A3E41CAD9B0000A93E01 /* Build configuration list for PBXNativeTarget "Week-1-Assignment" */ = {
			isa = XCConfigurationList;
			buildConfigurations = (
				1B10A3E51CAD9B0000A93E01 /* Debug */,
				1B10A3E61CAD9B0000A93E01 /* Release */,
			);
			defaultConfigurationIsVisible = 0;
			defaultConfigurationName = Release;
		};
		1B10A3E71CAD9B0000A93E01 /* Build configuration list for PBXNativeTarget "Week-1-AssignmentTests" */ = {
			isa = XCConfigurationList;
			buildConfigurations = (
				1B10A3E81CAD9B0000A93E01 /* Debug */,
				1B10A3E91CAD9B0000A93E01 /* Release */,
			);
			defaultConfigurationIsVisible = 0;
			defaultConfigurationName = Release;
		};
		1B10A3EA1CAD9B0000A93E01 /* Build configuration list for PBXNativeTarget "Week-1-AssignmentUITests" */ = {
			isa = XCConfigurationList;
			buildConfigurations = (
				1B10A3EB1CAD9B0000A93E01 /* Debug */,
				1B10A3EC1CAD9B0000A93E01 /* Release */,
			);
			defaultConfigurationIsVisible = 0;
			defaultConfigurationName = Release;
		};
/* End XCConfigurationList section */
	};
	rootObject = 1B10A3B41CAD9B0000A93E01 /* Project object */;
}
